// !$*UTF8*$!
{
	archiveVersion = 1;
	classes = {
	};
	objectVersion = 50;
	objects = {

/* Begin PBXBuildFile section */
		C846819622560B9F00F83AC4 /* NSString+WUtils.m in Sources */ = {isa = PBXBuildFile; fileRef = C846819522560B9F00F83AC4 /* NSString+WUtils.m */; };
		C8BD8FAA224DFB2800D87D5B /* AppDelegate.m in Sources */ = {isa = PBXBuildFile; fileRef = C8BD8FA9224DFB2800D87D5B /* AppDelegate.m */; };
		C8BD8FAD224DFB2800D87D5B /* ViewController.m in Sources */ = {isa = PBXBuildFile; fileRef = C8BD8FAC224DFB2800D87D5B /* ViewController.m */; };
		C8BD8FB0224DFB2800D87D5B /* Main.storyboard in Resources */ = {isa = PBXBuildFile; fileRef = C8BD8FAE224DFB2800D87D5B /* Main.storyboard */; };
		C8BD8FB2224DFB2900D87D5B /* Assets.xcassets in Resources */ = {isa = PBXBuildFile; fileRef = C8BD8FB1224DFB2900D87D5B /* Assets.xcassets */; };
		C8BD8FB5224DFB2900D87D5B /* LaunchScreen.storyboard in Resources */ = {isa = PBXBuildFile; fileRef = C8BD8FB3224DFB2900D87D5B /* LaunchScreen.storyboard */; };
		C8BD8FB8224DFB2900D87D5B /* main.m in Sources */ = {isa = PBXBuildFile; fileRef = C8BD8FB7224DFB2900D87D5B /* main.m */; };
		C8BD8FC2224DFB2900D87D5B /* WUtilsTests.m in Sources */ = {isa = PBXBuildFile; fileRef = C8BD8FC1224DFB2900D87D5B /* WUtilsTests.m */; };
		C8BD8FCD224DFB2900D87D5B /* WUtilsUITests.m in Sources */ = {isa = PBXBuildFile; fileRef = C8BD8FCC224DFB2900D87D5B /* WUtilsUITests.m */; };
		C8BD8FED224E2B9100D87D5B /* WDateUtils.m in Sources */ = {isa = PBXBuildFile; fileRef = C8BD8FEC224E2B9100D87D5B /* WDateUtils.m */; };
		C8BD8FF0224E2BBD00D87D5B /* WSystemInfoUtils.m in Sources */ = {isa = PBXBuildFile; fileRef = C8BD8FEF224E2BBD00D87D5B /* WSystemInfoUtils.m */; };
		C8EEE6D4225F2C86006E94F0 /* UIColor+WUtils.m in Sources */ = {isa = PBXBuildFile; fileRef = C8EEE6D3225F2C86006E94F0 /* UIColor+WUtils.m */; };
		C8EEE6D7225F2CD1006E94F0 /* UIView+WUtils.m in Sources */ = {isa = PBXBuildFile; fileRef = C8EEE6D6225F2CD1006E94F0 /* UIView+WUtils.m */; };
		C8EEE6DA225F2D07006E94F0 /* UIImage+WUtils.m in Sources */ = {isa = PBXBuildFile; fileRef = C8EEE6D9225F2D07006E94F0 /* UIImage+WUtils.m */; };
		C8EEE6DD225F2D5A006E94F0 /* UIResponder+WUtils.m in Sources */ = {isa = PBXBuildFile; fileRef = C8EEE6DC225F2D5A006E94F0 /* UIResponder+WUtils.m */; };
/* End PBXBuildFile section */

/* Begin PBXContainerItemProxy section */
		C8BD8FBE224DFB2900D87D5B /* PBXContainerItemProxy */ = {
			isa = PBXContainerItemProxy;
			containerPortal = C8BD8F9D224DFB2800D87D5B /* Project object */;
			proxyType = 1;
			remoteGlobalIDString = C8BD8FA4224DFB2800D87D5B;
			remoteInfo = WUtils;
		};
		C8BD8FC9224DFB2900D87D5B /* PBXContainerItemProxy */ = {
			isa = PBXContainerItemProxy;
			containerPortal = C8BD8F9D224DFB2800D87D5B /* Project object */;
			proxyType = 1;
			remoteGlobalIDString = C8BD8FA4224DFB2800D87D5B;
			remoteInfo = WUtils;
		};
/* End PBXContainerItemProxy section */

/* Begin PBXFileReference section */
		C846819422560B9F00F83AC4 /* NSString+WUtils.h */ = {isa = PBXFileReference; lastKnownFileType = sourcecode.c.h; path = "NSString+WUtils.h"; sourceTree = "<group>"; };
		C846819522560B9F00F83AC4 /* NSString+WUtils.m */ = {isa = PBXFileReference; lastKnownFileType = sourcecode.c.objc; path = "NSString+WUtils.m"; sourceTree = "<group>"; };
		C8BD8FA5224DFB2800D87D5B /* WUtils.app */ = {isa = PBXFileReference; explicitFileType = wrapper.application; includeInIndex = 0; path = WUtils.app; sourceTree = BUILT_PRODUCTS_DIR; };
		C8BD8FA8224DFB2800D87D5B /* AppDelegate.h */ = {isa = PBXFileReference; lastKnownFileType = sourcecode.c.h; path = AppDelegate.h; sourceTree = "<group>"; };
		C8BD8FA9224DFB2800D87D5B /* AppDelegate.m */ = {isa = PBXFileReference; lastKnownFileType = sourcecode.c.objc; path = AppDelegate.m; sourceTree = "<group>"; };
		C8BD8FAB224DFB2800D87D5B /* ViewController.h */ = {isa = PBXFileReference; lastKnownFileType = sourcecode.c.h; path = ViewController.h; sourceTree = "<group>"; };
		C8BD8FAC224DFB2800D87D5B /* ViewController.m */ = {isa = PBXFileReference; lastKnownFileType = sourcecode.c.objc; path = ViewController.m; sourceTree = "<group>"; };
		C8BD8FAF224DFB2800D87D5B /* Base */ = {isa = PBXFileReference; lastKnownFileType = file.storyboard; name = Base; path = Base.lproj/Main.storyboard; sourceTree = "<group>"; };
		C8BD8FB1224DFB2900D87D5B /* Assets.xcassets */ = {isa = PBXFileReference; lastKnownFileType = folder.assetcatalog; path = Assets.xcassets; sourceTree = "<group>"; };
		C8BD8FB4224DFB2900D87D5B /* Base */ = {isa = PBXFileReference; lastKnownFileType = file.storyboard; name = Base; path = Base.lproj/LaunchScreen.storyboard; sourceTree = "<group>"; };
		C8BD8FB6224DFB2900D87D5B /* Info.plist */ = {isa = PBXFileReference; lastKnownFileType = text.plist.xml; path = Info.plist; sourceTree = "<group>"; };
		C8BD8FB7224DFB2900D87D5B /* main.m */ = {isa = PBXFileReference; lastKnownFileType = sourcecode.c.objc; path = main.m; sourceTree = "<group>"; };
		C8BD8FBD224DFB2900D87D5B /* WUtilsTests.xctest */ = {isa = PBXFileReference; explicitFileType = wrapper.cfbundle; includeInIndex = 0; path = WUtilsTests.xctest; sourceTree = BUILT_PRODUCTS_DIR; };
		C8BD8FC1224DFB2900D87D5B /* WUtilsTests.m */ = {isa = PBXFileReference; lastKnownFileType = sourcecode.c.objc; path = WUtilsTests.m; sourceTree = "<group>"; };
		C8BD8FC3224DFB2900D87D5B /* Info.plist */ = {isa = PBXFileReference; lastKnownFileType = text.plist.xml; path = Info.plist; sourceTree = "<group>"; };
		C8BD8FC8224DFB2900D87D5B /* WUtilsUITests.xctest */ = {isa = PBXFileReference; explicitFileType = wrapper.cfbundle; includeInIndex = 0; path = WUtilsUITests.xctest; sourceTree = BUILT_PRODUCTS_DIR; };
		C8BD8FCC224DFB2900D87D5B /* WUtilsUITests.m */ = {isa = PBXFileReference; lastKnownFileType = sourcecode.c.objc; path = WUtilsUITests.m; sourceTree = "<group>"; };
		C8BD8FCE224DFB2900D87D5B /* Info.plist */ = {isa = PBXFileReference; lastKnownFileType = text.plist.xml; path = Info.plist; sourceTree = "<group>"; };
		C8BD8FE1224E00D000D87D5B /* WUtils.h */ = {isa = PBXFileReference; lastKnownFileType = sourcecode.c.h; path = WUtils.h; sourceTree = "<group>"; };
		C8BD8FEB224E2B9100D87D5B /* WDateUtils.h */ = {isa = PBXFileReference; lastKnownFileType = sourcecode.c.h; path = WDateUtils.h; sourceTree = "<group>"; };
		C8BD8FEC224E2B9100D87D5B /* WDateUtils.m */ = {isa = PBXFileReference; lastKnownFileType = sourcecode.c.objc; path = WDateUtils.m; sourceTree = "<group>"; };
		C8BD8FEE224E2BBD00D87D5B /* WSystemInfoUtils.h */ = {isa = PBXFileReference; lastKnownFileType = sourcecode.c.h; path = WSystemInfoUtils.h; sourceTree = "<group>"; };
		C8BD8FEF224E2BBD00D87D5B /* WSystemInfoUtils.m */ = {isa = PBXFileReference; lastKnownFileType = sourcecode.c.objc; path = WSystemInfoUtils.m; sourceTree = "<group>"; };
		C8EEE6D2225F2C86006E94F0 /* UIColor+WUtils.h */ = {isa = PBXFileReference; lastKnownFileType = sourcecode.c.h; path = "UIColor+WUtils.h"; sourceTree = "<group>"; };
		C8EEE6D3225F2C86006E94F0 /* UIColor+WUtils.m */ = {isa = PBXFileReference; lastKnownFileType = sourcecode.c.objc; path = "UIColor+WUtils.m"; sourceTree = "<group>"; };
		C8EEE6D5225F2CD1006E94F0 /* UIView+WUtils.h */ = {isa = PBXFileReference; lastKnownFileType = sourcecode.c.h; path = "UIView+WUtils.h"; sourceTree = "<group>"; };
		C8EEE6D6225F2CD1006E94F0 /* UIView+WUtils.m */ = {isa = PBXFileReference; lastKnownFileType = sourcecode.c.objc; path = "UIView+WUtils.m"; sourceTree = "<group>"; };
		C8EEE6D8225F2D07006E94F0 /* UIImage+WUtils.h */ = {isa = PBXFileReference; lastKnownFileType = sourcecode.c.h; path = "UIImage+WUtils.h"; sourceTree = "<group>"; };
		C8EEE6D9225F2D07006E94F0 /* UIImage+WUtils.m */ = {isa = PBXFileReference; lastKnownFileType = sourcecode.c.objc; path = "UIImage+WUtils.m"; sourceTree = "<group>"; };
		C8EEE6DB225F2D5A006E94F0 /* UIResponder+WUtils.h */ = {isa = PBXFileReference; lastKnownFileType = sourcecode.c.h; path = "UIResponder+WUtils.h"; sourceTree = "<group>"; };
		C8EEE6DC225F2D5A006E94F0 /* UIResponder+WUtils.m */ = {isa = PBXFileReference; lastKnownFileType = sourcecode.c.objc; path = "UIResponder+WUtils.m"; sourceTree = "<group>"; };
/* End PBXFileReference section */

/* Begin PBXFrameworksBuildPhase section */
		C8BD8FA2224DFB2800D87D5B /* Frameworks */ = {
			isa = PBXFrameworksBuildPhase;
			buildActionMask = 2147483647;
			files = (
			);
			runOnlyForDeploymentPostprocessing = 0;
		};
		C8BD8FBA224DFB2900D87D5B /* Frameworks */ = {
			isa = PBXFrameworksBuildPhase;
			buildActionMask = 2147483647;
			files = (
			);
			runOnlyForDeploymentPostprocessing = 0;
		};
		C8BD8FC5224DFB2900D87D5B /* Frameworks */ = {
			isa = PBXFrameworksBuildPhase;
			buildActionMask = 2147483647;
			files = (
			);
			runOnlyForDeploymentPostprocessing = 0;
		};
/* End PBXFrameworksBuildPhase section */

/* Begin PBXGroup section */
		C8BD8F9C224DFB2800D87D5B = {
			isa = PBXGroup;
			children = (
				C8BD8FA7224DFB2800D87D5B /* WUtils */,
				C8BD8FC0224DFB2900D87D5B /* WUtilsTests */,
				C8BD8FCB224DFB2900D87D5B /* WUtilsUITests */,
				C8BD8FA6224DFB2800D87D5B /* Products */,
			);
			sourceTree = "<group>";
		};
		C8BD8FA6224DFB2800D87D5B /* Products */ = {
			isa = PBXGroup;
			children = (
				C8BD8FA5224DFB2800D87D5B /* WUtils.app */,
				C8BD8FBD224DFB2900D87D5B /* WUtilsTests.xctest */,
				C8BD8FC8224DFB2900D87D5B /* WUtilsUITests.xctest */,
			);
			name = Products;
			sourceTree = "<group>";
		};
		C8BD8FA7224DFB2800D87D5B /* WUtils */ = {
			isa = PBXGroup;
			children = (
				C8BD8FA8224DFB2800D87D5B /* AppDelegate.h */,
				C8BD8FA9224DFB2800D87D5B /* AppDelegate.m */,
				C8BD8FAB224DFB2800D87D5B /* ViewController.h */,
				C8BD8FAC224DFB2800D87D5B /* ViewController.m */,
				C8BD8FDA224DFBF200D87D5B /* WUtils */,
				C8BD8FAE224DFB2800D87D5B /* Main.storyboard */,
				C8BD8FB1224DFB2900D87D5B /* Assets.xcassets */,
				C8BD8FB3224DFB2900D87D5B /* LaunchScreen.storyboard */,
				C8BD8FB6224DFB2900D87D5B /* Info.plist */,
				C8BD8FB7224DFB2900D87D5B /* main.m */,
			);
			path = WUtils;
			sourceTree = "<group>";
		};
		C8BD8FC0224DFB2900D87D5B /* WUtilsTests */ = {
			isa = PBXGroup;
			children = (
				C8BD8FC1224DFB2900D87D5B /* WUtilsTests.m */,
				C8BD8FC3224DFB2900D87D5B /* Info.plist */,
			);
			path = WUtilsTests;
			sourceTree = "<group>";
		};
		C8BD8FCB224DFB2900D87D5B /* WUtilsUITests */ = {
			isa = PBXGroup;
			children = (
				C8BD8FCC224DFB2900D87D5B /* WUtilsUITests.m */,
				C8BD8FCE224DFB2900D87D5B /* Info.plist */,
			);
			path = WUtilsUITests;
			sourceTree = "<group>";
		};
		C8BD8FDA224DFBF200D87D5B /* WUtils */ = {
			isa = PBXGroup;
			children = (
				C8BD8FE1224E00D000D87D5B /* WUtils.h */,
				C8BD8FEB224E2B9100D87D5B /* WDateUtils.h */,
				C8BD8FEC224E2B9100D87D5B /* WDateUtils.m */,
				C8BD8FEE224E2BBD00D87D5B /* WSystemInfoUtils.h */,
				C8BD8FEF224E2BBD00D87D5B /* WSystemInfoUtils.m */,
				C8EEE6D2225F2C86006E94F0 /* UIColor+WUtils.h */,
				C8EEE6D3225F2C86006E94F0 /* UIColor+WUtils.m */,
				C8EEE6D5225F2CD1006E94F0 /* UIView+WUtils.h */,
				C8EEE6D6225F2CD1006E94F0 /* UIView+WUtils.m */,
				C8EEE6D8225F2D07006E94F0 /* UIImage+WUtils.h */,
				C8EEE6D9225F2D07006E94F0 /* UIImage+WUtils.m */,
				C846819422560B9F00F83AC4 /* NSString+WUtils.h */,
				C846819522560B9F00F83AC4 /* NSString+WUtils.m */,
				C8EEE6DB225F2D5A006E94F0 /* UIResponder+WUtils.h */,
				C8EEE6DC225F2D5A006E94F0 /* UIResponder+WUtils.m */,
			);
			path = WUtils;
			sourceTree = "<group>";
		};
/* End PBXGroup section */

/* Begin PBXNativeTarget section */
		C8BD8FA4224DFB2800D87D5B /* WUtils */ = {
			isa = PBXNativeTarget;
			buildConfigurationList = C8BD8FD1224DFB2900D87D5B /* Build configuration list for PBXNativeTarget "WUtils" */;
			buildPhases = (
				C8BD8FA1224DFB2800D87D5B /* Sources */,
				C8BD8FA2224DFB2800D87D5B /* Frameworks */,
				C8BD8FA3224DFB2800D87D5B /* Resources */,
			);
			buildRules = (
			);
			dependencies = (
			);
			name = WUtils;
			productName = WUtils;
			productReference = C8BD8FA5224DFB2800D87D5B /* WUtils.app */;
			productType = "com.apple.product-type.application";
		};
		C8BD8FBC224DFB2900D87D5B /* WUtilsTests */ = {
			isa = PBXNativeTarget;
			buildConfigurationList = C8BD8FD4224DFB2900D87D5B /* Build configuration list for PBXNativeTarget "WUtilsTests" */;
			buildPhases = (
				C8BD8FB9224DFB2900D87D5B /* Sources */,
				C8BD8FBA224DFB2900D87D5B /* Frameworks */,
				C8BD8FBB224DFB2900D87D5B /* Resources */,
			);
			buildRules = (
			);
			dependencies = (
				C8BD8FBF224DFB2900D87D5B /* PBXTargetDependency */,
			);
			name = WUtilsTests;
			productName = WUtilsTests;
			productReference = C8BD8FBD224DFB2900D87D5B /* WUtilsTests.xctest */;
			productType = "com.apple.product-type.bundle.unit-test";
		};
		C8BD8FC7224DFB2900D87D5B /* WUtilsUITests */ = {
			isa = PBXNativeTarget;
			buildConfigurationList = C8BD8FD7224DFB2900D87D5B /* Build configuration list for PBXNativeTarget "WUtilsUITests" */;
			buildPhases = (
				C8BD8FC4224DFB2900D87D5B /* Sources */,
				C8BD8FC5224DFB2900D87D5B /* Frameworks */,
				C8BD8FC6224DFB2900D87D5B /* Resources */,
			);
			buildRules = (
			);
			dependencies = (
				C8BD8FCA224DFB2900D87D5B /* PBXTargetDependency */,
			);
			name = WUtilsUITests;
			productName = WUtilsUITests;
			productReference = C8BD8FC8224DFB2900D87D5B /* WUtilsUITests.xctest */;
			productType = "com.apple.product-type.bundle.ui-testing";
		};
/* End PBXNativeTarget section */

/* Begin PBXProject section */
		C8BD8F9D224DFB2800D87D5B /* Project object */ = {
			isa = PBXProject;
			attributes = {
				LastUpgradeCheck = 1010;
				ORGANIZATIONNAME = winter;
				TargetAttributes = {
					C8BD8FA4224DFB2800D87D5B = {
						CreatedOnToolsVersion = 10.1;
					};
					C8BD8FBC224DFB2900D87D5B = {
						CreatedOnToolsVersion = 10.1;
						TestTargetID = C8BD8FA4224DFB2800D87D5B;
					};
					C8BD8FC7224DFB2900D87D5B = {
						CreatedOnToolsVersion = 10.1;
						TestTargetID = C8BD8FA4224DFB2800D87D5B;
					};
				};
			};
			buildConfigurationList = C8BD8FA0224DFB2800D87D5B /* Build configuration list for PBXProject "WUtils" */;
			compatibilityVersion = "Xcode 9.3";
			developmentRegion = en;
			hasScannedForEncodings = 0;
			knownRegions = (
				en,
				Base,
			);
			mainGroup = C8BD8F9C224DFB2800D87D5B;
			productRefGroup = C8BD8FA6224DFB2800D87D5B /* Products */;
			projectDirPath = "";
			projectRoot = "";
			targets = (
				C8BD8FA4224DFB2800D87D5B /* WUtils */,
				C8BD8FBC224DFB2900D87D5B /* WUtilsTests */,
				C8BD8FC7224DFB2900D87D5B /* WUtilsUITests */,
			);
		};
/* End PBXProject section */

/* Begin PBXResourcesBuildPhase section */
		C8BD8FA3224DFB2800D87D5B /* Resources */ = {
			isa = PBXResourcesBuildPhase;
			buildActionMask = 2147483647;
			files = (
				C8BD8FB5224DFB2900D87D5B /* LaunchScreen.storyboard in Resources */,
				C8BD8FB2224DFB2900D87D5B /* Assets.xcassets in Resources */,
				C8BD8FB0224DFB2800D87D5B /* Main.storyboard in Resources */,
			);
			runOnlyForDeploymentPostprocessing = 0;
		};
		C8BD8FBB224DFB2900D87D5B /* Resources */ = {
			isa = PBXResourcesBuildPhase;
			buildActionMask = 2147483647;
			files = (
			);
			runOnlyForDeploymentPostprocessing = 0;
		};
		C8BD8FC6224DFB2900D87D5B /* Resources */ = {
			isa = PBXResourcesBuildPhase;
			buildActionMask = 2147483647;
			files = (
			);
			runOnlyForDeploymentPostprocessing = 0;
		};
/* End PBXResourcesBuildPhase section */

/* Begin PBXSourcesBuildPhase section */
		C8BD8FA1224DFB2800D87D5B /* Sources */ = {
			isa = PBXSourcesBuildPhase;
			buildActionMask = 2147483647;
			files = (
				C8BD8FAD224DFB2800D87D5B /* ViewController.m in Sources */,
				C8BD8FF0224E2BBD00D87D5B /* WSystemInfoUtils.m in Sources */,
				C846819622560B9F00F83AC4 /* NSString+WUtils.m in Sources */,
				C8BD8FB8224DFB2900D87D5B /* main.m in Sources */,
				C8EEE6DD225F2D5A006E94F0 /* UIResponder+WUtils.m in Sources */,
				C8EEE6D7225F2CD1006E94F0 /* UIView+WUtils.m in Sources */,
				C8BD8FAA224DFB2800D87D5B /* AppDelegate.m in Sources */,
				C8EEE6D4225F2C86006E94F0 /* UIColor+WUtils.m in Sources */,
				C8BD8FED224E2B9100D87D5B /* WDateUtils.m in Sources */,
				C8EEE6DA225F2D07006E94F0 /* UIImage+WUtils.m in Sources */,
			);
			runOnlyForDeploymentPostprocessing = 0;
		};
		C8BD8FB9224DFB2900D87D5B /* Sources */ = {
			isa = PBXSourcesBuildPhase;
			buildActionMask = 2147483647;
			files = (
				C8BD8FC2224DFB2900D87D5B /* WUtilsTests.m in Sources */,
			);
			runOnlyForDeploymentPostprocessing = 0;
		};
		C8BD8FC4224DFB2900D87D5B /* Sources */ = {
			isa = PBXSourcesBuildPhase;
			buildActionMask = 2147483647;
			files = (
				C8BD8FCD224DFB2900D87D5B /* WUtilsUITests.m in Sources */,
			);
			runOnlyForDeploymentPostprocessing = 0;
		};
/* End PBXSourcesBuildPhase section */

/* Begin PBXTargetDependency section */
		C8BD8FBF224DFB2900D87D5B /* PBXTargetDependency */ = {
			isa = PBXTargetDependency;
			target = C8BD8FA4224DFB2800D87D5B /* WUtils */;
			targetProxy = C8BD8FBE224DFB2900D87D5B /* PBXContainerItemProxy */;
		};
		C8BD8FCA224DFB2900D87D5B /* PBXTargetDependency */ = {
			isa = PBXTargetDependency;
			target = C8BD8FA4224DFB2800D87D5B /* WUtils */;
			targetProxy = C8BD8FC9224DFB2900D87D5B /* PBXContainerItemProxy */;
		};
/* End PBXTargetDependency section */

/* Begin PBXVariantGroup section */
		C8BD8FAE224DFB2800D87D5B /* Main.storyboard */ = {
			isa = PBXVariantGroup;
			children = (
				C8BD8FAF224DFB2800D87D5B /* Base */,
			);
			name = Main.storyboard;
			sourceTree = "<group>";
		};
		C8BD8FB3224DFB2900D87D5B /* LaunchScreen.storyboard */ = {
			isa = PBXVariantGroup;
			children = (
				C8BD8FB4224DFB2900D87D5B /* Base */,
			);
			name = LaunchScreen.storyboard;
			sourceTree = "<group>";
		};
/* End PBXVariantGroup section */

/* Begin XCBuildConfiguration section */
		C8BD8FCF224DFB2900D87D5B /* Debug */ = {
			isa = XCBuildConfiguration;
			buildSettings = {
				ALWAYS_SEARCH_USER_PATHS = NO;
				CLANG_ANALYZER_NONNULL = YES;
				CLANG_ANALYZER_NUMBER_OBJECT_CONVERSION = YES_AGGRESSIVE;
				CLANG_CXX_LANGUAGE_STANDARD = "gnu++14";
				CLANG_CXX_LIBRARY = "libc++";
				CLANG_ENABLE_MODULES = YES;
				CLANG_ENABLE_OBJC_ARC = YES;
				CLANG_ENABLE_OBJC_WEAK = YES;
				CLANG_WARN_BLOCK_CAPTURE_AUTORELEASING = YES;
				CLANG_WARN_BOOL_CONVERSION = YES;
				CLANG_WARN_COMMA = YES;
				CLANG_WARN_CONSTANT_CONVERSION = YES;
				CLANG_WARN_DEPRECATED_OBJC_IMPLEMENTATIONS = YES;
				CLANG_WARN_DIRECT_OBJC_ISA_USAGE = YES_ERROR;
				CLANG_WARN_DOCUMENTATION_COMMENTS = YES;
				CLANG_WARN_EMPTY_BODY = YES;
				CLANG_WARN_ENUM_CONVERSION = YES;
				CLANG_WARN_INFINITE_RECURSION = YES;
				CLANG_WARN_INT_CONVERSION = YES;
				CLANG_WARN_NON_LITERAL_NULL_CONVERSION = YES;
				CLANG_WARN_OBJC_IMPLICIT_RETAIN_SELF = YES;
				CLANG_WARN_OBJC_LITERAL_CONVERSION = YES;
				CLANG_WARN_OBJC_ROOT_CLASS = YES_ERROR;
				CLANG_WARN_RANGE_LOOP_ANALYSIS = YES;
				CLANG_WARN_STRICT_PROTOTYPES = YES;
				CLANG_WARN_SUSPICIOUS_MOVE = YES;
				CLANG_WARN_UNGUARDED_AVAILABILITY = YES_AGGRESSIVE;
				CLANG_WARN_UNREACHABLE_CODE = YES;
				CLANG_WARN__DUPLICATE_METHOD_MATCH = YES;
				CODE_SIGN_IDENTITY = "iPhone Developer";
				COPY_PHASE_STRIP = NO;
				DEBUG_INFORMATION_FORMAT = dwarf;
				ENABLE_STRICT_OBJC_MSGSEND = YES;
				ENABLE_TESTABILITY = YES;
				GCC_C_LANGUAGE_STANDARD = gnu11;
				GCC_DYNAMIC_NO_PIC = NO;
				GCC_NO_COMMON_BLOCKS = YES;
				GCC_OPTIMIZATION_LEVEL = 0;
				GCC_PREPROCESSOR_DEFINITIONS = (
					"DEBUG=1",
					"$(inherited)",
				);
				GCC_WARN_64_TO_32_BIT_CONVERSION = YES;
				GCC_WARN_ABOUT_RETURN_TYPE = YES_ERROR;
				GCC_WARN_UNDECLARED_SELECTOR = YES;
				GCC_WARN_UNINITIALIZED_AUTOS = YES_AGGRESSIVE;
				GCC_WARN_UNUSED_FUNCTION = YES;
				GCC_WARN_UNUSED_VARIABLE = YES;
				IPHONEOS_DEPLOYMENT_TARGET = 12.1;
				MTL_ENABLE_DEBUG_INFO = INCLUDE_SOURCE;
				MTL_FAST_MATH = YES;
				ONLY_ACTIVE_ARCH = YES;
				SDKROOT = iphoneos;
			};
			name = Debug;
		};
		C8BD8FD0224DFB2900D87D5B /* Release */ = {
			isa = XCBuildConfiguration;
			buildSettings = {
				ALWAYS_SEARCH_USER_PATHS = NO;
				CLANG_ANALYZER_NONNULL = YES;
				CLANG_ANALYZER_NUMBER_OBJECT_CONVERSION = YES_AGGRESSIVE;
				CLANG_CXX_LANGUAGE_STANDARD = "gnu++14";
				CLANG_CXX_LIBRARY = "libc++";
				CLANG_ENABLE_MODULES = YES;
				CLANG_ENABLE_OBJC_ARC = YES;
				CLANG_ENABLE_OBJC_WEAK = YES;
				CLANG_WARN_BLOCK_CAPTURE_AUTORELEASING = YES;
				CLANG_WARN_BOOL_CONVERSION = YES;
				CLANG_WARN_COMMA = YES;
				CLANG_WARN_CONSTANT_CONVERSION = YES;
				CLANG_WARN_DEPRECATED_OBJC_IMPLEMENTATIONS = YES;
				CLANG_WARN_DIRECT_OBJC_ISA_USAGE = YES_ERROR;
				CLANG_WARN_DOCUMENTATION_COMMENTS = YES;
				CLANG_WARN_EMPTY_BODY = YES;
				CLANG_WARN_ENUM_CONVERSION = YES;
				CLANG_WARN_INFINITE_RECURSION = YES;
				CLANG_WARN_INT_CONVERSION = YES;
				CLANG_WARN_NON_LITERAL_NULL_CONVERSION = YES;
				CLANG_WARN_OBJC_IMPLICIT_RETAIN_SELF = YES;
				CLANG_WARN_OBJC_LITERAL_CONVERSION = YES;
				CLANG_WARN_OBJC_ROOT_CLASS = YES_ERROR;
				CLANG_WARN_RANGE_LOOP_ANALYSIS = YES;
				CLANG_WARN_STRICT_PROTOTYPES = YES;
				CLANG_WARN_SUSPICIOUS_MOVE = YES;
				CLANG_WARN_UNGUARDED_AVAILABILITY = YES_AGGRESSIVE;
				CLANG_WARN_UNREACHABLE_CODE = YES;
				CLANG_WARN__DUPLICATE_METHOD_MATCH = YES;
				CODE_SIGN_IDENTITY = "iPhone Developer";
				COPY_PHASE_STRIP = NO;
				DEBUG_INFORMATION_FORMAT = "dwarf-with-dsym";
				ENABLE_NS_ASSERTIONS = NO;
				ENABLE_STRICT_OBJC_MSGSEND = YES;
				GCC_C_LANGUAGE_STANDARD = gnu11;
				GCC_NO_COMMON_BLOCKS = YES;
				GCC_WARN_64_TO_32_BIT_CONVERSION = YES;
				GCC_WARN_ABOUT_RETURN_TYPE = YES_ERROR;
				GCC_WARN_UNDECLARED_SELECTOR = YES;
				GCC_WARN_UNINITIALIZED_AUTOS = YES_AGGRESSIVE;
				GCC_WARN_UNUSED_FUNCTION = YES;
				GCC_WARN_UNUSED_VARIABLE = YES;
				IPHONEOS_DEPLOYMENT_TARGET = 12.1;
				MTL_ENABLE_DEBUG_INFO = NO;
				MTL_FAST_MATH = YES;
				SDKROOT = iphoneos;
				VALIDATE_PRODUCT = YES;
			};
			name = Release;
		};
		C8BD8FD2224DFB2900D87D5B /* Debug */ = {
			isa = XCBuildConfiguration;
			buildSettings = {
				ASSETCATALOG_COMPILER_APPICON_NAME = AppIcon;
				CODE_SIGN_STYLE = Automatic;
				INFOPLIST_FILE = WUtils/Info.plist;
				IPHONEOS_DEPLOYMENT_TARGET = 8.0;
				LD_RUNPATH_SEARCH_PATHS = (
					"$(inherited)",
					"@executable_path/Frameworks",
				);
				PRODUCT_BUNDLE_IDENTIFIER = com.winter.WUtils;
				PRODUCT_NAME = "$(TARGET_NAME)";
				TARGETED_DEVICE_FAMILY = "1,2";
				USER_HEADER_SEARCH_PATHS = "$(SRCROOT)";
			};
			name = Debug;
		};
		C8BD8FD3224DFB2900D87D5B /* Release */ = {
			isa = XCBuildConfiguration;
			buildSettings = {
				ASSETCATALOG_COMPILER_APPICON_NAME = AppIcon;
				CODE_SIGN_STYLE = Automatic;
				INFOPLIST_FILE = WUtils/Info.plist;
				IPHONEOS_DEPLOYMENT_TARGET = 8.0;
				LD_RUNPATH_SEARCH_PATHS = (
					"$(inherited)",
					"@executable_path/Frameworks",
				);
				PRODUCT_BUNDLE_IDENTIFIER = com.winter.WUtils;
				PRODUCT_NAME = "$(TARGET_NAME)";
				TARGETED_DEVICE_FAMILY = "1,2";
				USER_HEADER_SEARCH_PATHS = "$(SRCROOT)";
			};
			name = Release;
		};
		C8BD8FD5224DFB2900D87D5B /* Debug */ = {
			isa = XCBuildConfiguration;
			buildSettings = {
				BUNDLE_LOADER = "$(TEST_HOST)";
				CODE_SIGN_STYLE = Automatic;
				INFOPLIST_FILE = WUtilsTests/Info.plist;
				LD_RUNPATH_SEARCH_PATHS = (
					"$(inherited)",
					"@executable_path/Frameworks",
					"@loader_path/Frameworks",
				);
				PRODUCT_BUNDLE_IDENTIFIER = com.winter.WUtilsTests;
				PRODUCT_NAME = "$(TARGET_NAME)";
				TARGETED_DEVICE_FAMILY = "1,2";
				TEST_HOST = "$(BUILT_PRODUCTS_DIR)/WUtils.app/WUtils";
				USER_HEADER_SEARCH_PATHS = "$(SRCROOT)";
			};
			name = Debug;
		};
		C8BD8FD6224DFB2900D87D5B /* Release */ = {
			isa = XCBuildConfiguration;
			buildSettings = {
				BUNDLE_LOADER = "$(TEST_HOST)";
				CODE_SIGN_STYLE = Automatic;
				INFOPLIST_FILE = WUtilsTests/Info.plist;
				LD_RUNPATH_SEARCH_PATHS = (
					"$(inherited)",
					"@executable_path/Frameworks",
					"@loader_path/Frameworks",
				);
				PRODUCT_BUNDLE_IDENTIFIER = com.winter.WUtilsTests;
				PRODUCT_NAME = "$(TARGET_NAME)";
				TARGETED_DEVICE_FAMILY = "1,2";
				TEST_HOST = "$(BUILT_PRODUCTS_DIR)/WUtils.app/WUtils";
				USER_HEADER_SEARCH_PATHS = "$(SRCROOT)";
			};
			name = Release;
		};
		C8BD8FD8224DFB2900D87D5B /* Debug */ = {
			isa = XCBuildConfiguration;
			buildSettings = {
				CODE_SIGN_STYLE = Automatic;
				INFOPLIST_FILE = WUtilsUITests/Info.plist;
				LD_RUNPATH_SEARCH_PATHS = (
					"$(inherited)",
					"@executable_path/Frameworks",
					"@loader_path/Frameworks",
				);
				PRODUCT_BUNDLE_IDENTIFIER = com.winter.WUtilsUITests;
				PRODUCT_NAME = "$(TARGET_NAME)";
				TARGETED_DEVICE_FAMILY = "1,2";
				TEST_TARGET_NAME = WUtils;
			};
			name = Debug;
		};
		C8BD8FD9224DFB2900D87D5B /* Release */ = {
			isa = XCBuildConfiguration;
			buildSettings = {
				CODE_SIGN_STYLE = Automatic;
				INFOPLIST_FILE = WUtilsUITests/Info.plist;
				LD_RUNPATH_SEARCH_PATHS = (
					"$(inherited)",
					"@executable_path/Frameworks",
					"@loader_path/Frameworks",
				);
				PRODUCT_BUNDLE_IDENTIFIER = com.winter.WUtilsUITests;
				PRODUCT_NAME = "$(TARGET_NAME)";
				TARGETED_DEVICE_FAMILY = "1,2";
				TEST_TARGET_NAME = WUtils;
			};
			name = Release;
		};
/* End XCBuildConfiguration section */

/* Begin XCConfigurationList section */
		C8BD8FA0224DFB2800D87D5B /* Build configuration list for PBXProject "WUtils" */ = {
			isa = XCConfigurationList;
			buildConfigurations = (
				C8BD8FCF224DFB2900D87D5B /* Debug */,
				C8BD8FD0224DFB2900D87D5B /* Release */,
			);
			defaultConfigurationIsVisible = 0;
			defaultConfigurationName = Release;
		};
		C8BD8FD1224DFB2900D87D5B /* Build configuration list for PBXNativeTarget "WUtils" */ = {
			isa = XCConfigurationList;
			buildConfigurations = (
				C8BD8FD2224DFB2900D87D5B /* Debug */,
				C8BD8FD3224DFB2900D87D5B /* Release */,
			);
			defaultConfigurationIsVisible = 0;
			defaultConfigurationName = Release;
		};
		C8BD8FD4224DFB2900D87D5B /* Build configuration list for PBXNativeTarget "WUtilsTests" */ = {
			isa = XCConfigurationList;
			buildConfigurations = (
				C8BD8FD5224DFB2900D87D5B /* Debug */,
				C8BD8FD6224DFB2900D87D5B /* Release */,
			);
			defaultConfigurationIsVisible = 0;
			defaultConfigurationName = Release;
		};
		C8BD8FD7224DFB2900D87D5B /* Build configuration list for PBXNativeTarget "WUtilsUITests" */ = {
			isa = XCConfigurationList;
			buildConfigurations = (
				C8BD8FD8224DFB2900D87D5B /* Debug */,
				C8BD8FD9224DFB2900D87D5B /* Release */,
			);
			defaultConfigurationIsVisible = 0;
			defaultConfigurationName = Release;
		};
/* End XCConfigurationList section */
	};
	rootObject = C8BD8F9D224DFB2800D87D5B /* Project object */;
}
